
Microsoft Visual Studio Solution File, Format Version 12.00
Project("{FAE04EC0-301F-11D3-BF4B-00C04F79EFBC}") = "RecipesManagement", "RecipesManagement.csproj", "{727FAE9E-C085-45FB-A5C0-BC158154E79E}"
EndProject
Global
	GlobalSection(SolutionConfigurationPlatforms) = preSolution
		Debug|Any CPU = Debug|Any CPU
		Release|Any CPU = Release|Any CPU
	EndGlobalSection
	GlobalSection(ProjectConfigurationPlatforms) = postSolution
		{727FAE9E-C085-45FB-A5C0-BC158154E79E}.Debug|Any CPU.ActiveCfg = Debug|Any CPU
		{727FAE9E-C085-45FB-A5C0-BC158154E79E}.Debug|Any CPU.Build.0 = Debug|Any CPU
		{727FAE9E-C085-45FB-A5C0-BC158154E79E}.Release|Any CPU.ActiveCfg = Release|Any CPU
		{727FAE9E-C085-45FB-A5C0-BC158154E79E}.Release|Any CPU.Build.0 = Release|Any CPU
	EndGlobalSection
EndGlobal
